// !$*UTF8*$!
{
	archiveVersion = 1;
	classes = {
	};
	objectVersion = 46;
	objects = {

/* Begin PBXBuildFile section */
		D17DD6941ED8F7D200BEE6B6 /* AppDelegate.swift in Sources */ = {isa = PBXBuildFile; fileRef = D17DD6931ED8F7D200BEE6B6 /* AppDelegate.swift */; };
		D17DD6961ED8F7D200BEE6B6 /* ViewController.swift in Sources */ = {isa = PBXBuildFile; fileRef = D17DD6951ED8F7D200BEE6B6 /* ViewController.swift */; };
		D17DD6991ED8F7D200BEE6B6 /* Main.storyboard in Resources */ = {isa = PBXBuildFile; fileRef = D17DD6971ED8F7D200BEE6B6 /* Main.storyboard */; };
		D17DD69C1ED8F7D200BEE6B6 /* campus.xcdatamodeld in Sources */ = {isa = PBXBuildFile; fileRef = D17DD69A1ED8F7D200BEE6B6 /* campus.xcdatamodeld */; };
		D17DD69E1ED8F7D200BEE6B6 /* Assets.xcassets in Resources */ = {isa = PBXBuildFile; fileRef = D17DD69D1ED8F7D200BEE6B6 /* Assets.xcassets */; };
		D17DD6A11ED8F7D200BEE6B6 /* LaunchScreen.storyboard in Resources */ = {isa = PBXBuildFile; fileRef = D17DD69F1ED8F7D200BEE6B6 /* LaunchScreen.storyboard */; };
		D17DD6AC1ED8F7D300BEE6B6 /* campusTests.swift in Sources */ = {isa = PBXBuildFile; fileRef = D17DD6AB1ED8F7D300BEE6B6 /* campusTests.swift */; };
		D17DD6B71ED8F7D300BEE6B6 /* campusUITests.swift in Sources */ = {isa = PBXBuildFile; fileRef = D17DD6B61ED8F7D300BEE6B6 /* campusUITests.swift */; };
/* End PBXBuildFile section */

/* Begin PBXContainerItemProxy section */
		D17DD6A81ED8F7D300BEE6B6 /* PBXContainerItemProxy */ = {
			isa = PBXContainerItemProxy;
			containerPortal = D17DD6881ED8F7D200BEE6B6 /* Project object */;
			proxyType = 1;
			remoteGlobalIDString = D17DD68F1ED8F7D200BEE6B6;
			remoteInfo = campus;
		};
		D17DD6B31ED8F7D300BEE6B6 /* PBXContainerItemProxy */ = {
			isa = PBXContainerItemProxy;
			containerPortal = D17DD6881ED8F7D200BEE6B6 /* Project object */;
			proxyType = 1;
			remoteGlobalIDString = D17DD68F1ED8F7D200BEE6B6;
			remoteInfo = campus;
		};
/* End PBXContainerItemProxy section */

/* Begin PBXFileReference section */
		D17DD6901ED8F7D200BEE6B6 /* campus.app */ = {isa = PBXFileReference; explicitFileType = wrapper.application; includeInIndex = 0; path = campus.app; sourceTree = BUILT_PRODUCTS_DIR; };
		D17DD6931ED8F7D200BEE6B6 /* AppDelegate.swift */ = {isa = PBXFileReference; lastKnownFileType = sourcecode.swift; path = AppDelegate.swift; sourceTree = "<group>"; };
		D17DD6951ED8F7D200BEE6B6 /* ViewController.swift */ = {isa = PBXFileReference; lastKnownFileType = sourcecode.swift; path = ViewController.swift; sourceTree = "<group>"; };
		D17DD6981ED8F7D200BEE6B6 /* Base */ = {isa = PBXFileReference; lastKnownFileType = file.storyboard; name = Base; path = Base.lproj/Main.storyboard; sourceTree = "<group>"; };
		D17DD69B1ED8F7D200BEE6B6 /* campus.xcdatamodel */ = {isa = PBXFileReference; lastKnownFileType = wrapper.xcdatamodel; path = campus.xcdatamodel; sourceTree = "<group>"; };
		D17DD69D1ED8F7D200BEE6B6 /* Assets.xcassets */ = {isa = PBXFileReference; lastKnownFileType = folder.assetcatalog; path = Assets.xcassets; sourceTree = "<group>"; };
		D17DD6A01ED8F7D200BEE6B6 /* Base */ = {isa = PBXFileReference; lastKnownFileType = file.storyboard; name = Base; path = Base.lproj/LaunchScreen.storyboard; sourceTree = "<group>"; };
		D17DD6A21ED8F7D200BEE6B6 /* Info.plist */ = {isa = PBXFileReference; lastKnownFileType = text.plist.xml; path = Info.plist; sourceTree = "<group>"; };
		D17DD6A71ED8F7D300BEE6B6 /* campusTests.xctest */ = {isa = PBXFileReference; explicitFileType = wrapper.cfbundle; includeInIndex = 0; path = campusTests.xctest; sourceTree = BUILT_PRODUCTS_DIR; };
		D17DD6AB1ED8F7D300BEE6B6 /* campusTests.swift */ = {isa = PBXFileReference; lastKnownFileType = sourcecode.swift; path = campusTests.swift; sourceTree = "<group>"; };
		D17DD6AD1ED8F7D300BEE6B6 /* Info.plist */ = {isa = PBXFileReference; lastKnownFileType = text.plist.xml; path = Info.plist; sourceTree = "<group>"; };
		D17DD6B21ED8F7D300BEE6B6 /* campusUITests.xctest */ = {isa = PBXFileReference; explicitFileType = wrapper.cfbundle; includeInIndex = 0; path = campusUITests.xctest; sourceTree = BUILT_PRODUCTS_DIR; };
		D17DD6B61ED8F7D300BEE6B6 /* campusUITests.swift */ = {isa = PBXFileReference; lastKnownFileType = sourcecode.swift; path = campusUITests.swift; sourceTree = "<group>"; };
		D17DD6B81ED8F7D300BEE6B6 /* Info.plist */ = {isa = PBXFileReference; lastKnownFileType = text.plist.xml; path = Info.plist; sourceTree = "<group>"; };
/* End PBXFileReference section */

/* Begin PBXFrameworksBuildPhase section */
		D17DD68D1ED8F7D200BEE6B6 /* Frameworks */ = {
			isa = PBXFrameworksBuildPhase;
			buildActionMask = 2147483647;
			files = (
			);
			runOnlyForDeploymentPostprocessing = 0;
		};
		D17DD6A41ED8F7D300BEE6B6 /* Frameworks */ = {
			isa = PBXFrameworksBuildPhase;
			buildActionMask = 2147483647;
			files = (
			);
			runOnlyForDeploymentPostprocessing = 0;
		};
		D17DD6AF1ED8F7D300BEE6B6 /* Frameworks */ = {
			isa = PBXFrameworksBuildPhase;
			buildActionMask = 2147483647;
			files = (
			);
			runOnlyForDeploymentPostprocessing = 0;
		};
/* End PBXFrameworksBuildPhase section */

/* Begin PBXGroup section */
		D17DD6871ED8F7D200BEE6B6 = {
			isa = PBXGroup;
			children = (
				D17DD6921ED8F7D200BEE6B6 /* campus */,
				D17DD6AA1ED8F7D300BEE6B6 /* campusTests */,
				D17DD6B51ED8F7D300BEE6B6 /* campusUITests */,
				D17DD6911ED8F7D200BEE6B6 /* Products */,
			);
			sourceTree = "<group>";
		};
		D17DD6911ED8F7D200BEE6B6 /* Products */ = {
			isa = PBXGroup;
			children = (
				D17DD6901ED8F7D200BEE6B6 /* campus.app */,
				D17DD6A71ED8F7D300BEE6B6 /* campusTests.xctest */,
				D17DD6B21ED8F7D300BEE6B6 /* campusUITests.xctest */,
			);
			name = Products;
			sourceTree = "<group>";
		};
		D17DD6921ED8F7D200BEE6B6 /* campus */ = {
			isa = PBXGroup;
			children = (
				D17DD6931ED8F7D200BEE6B6 /* AppDelegate.swift */,
				D17DD6951ED8F7D200BEE6B6 /* ViewController.swift */,
				D17DD6971ED8F7D200BEE6B6 /* Main.storyboard */,
				D17DD69D1ED8F7D200BEE6B6 /* Assets.xcassets */,
				D17DD69F1ED8F7D200BEE6B6 /* LaunchScreen.storyboard */,
				D17DD6A21ED8F7D200BEE6B6 /* Info.plist */,
				D17DD69A1ED8F7D200BEE6B6 /* campus.xcdatamodeld */,
			);
			path = campus;
			sourceTree = "<group>";
		};
		D17DD6AA1ED8F7D300BEE6B6 /* campusTests */ = {
			isa = PBXGroup;
			children = (
				D17DD6AB1ED8F7D300BEE6B6 /* campusTests.swift */,
				D17DD6AD1ED8F7D300BEE6B6 /* Info.plist */,
			);
			path = campusTests;
			sourceTree = "<group>";
		};
		D17DD6B51ED8F7D300BEE6B6 /* campusUITests */ = {
			isa = PBXGroup;
			children = (
				D17DD6B61ED8F7D300BEE6B6 /* campusUITests.swift */,
				D17DD6B81ED8F7D300BEE6B6 /* Info.plist */,
			);
			path = campusUITests;
			sourceTree = "<group>";
		};
/* End PBXGroup section */

/* Begin PBXNativeTarget section */
		D17DD68F1ED8F7D200BEE6B6 /* campus */ = {
			isa = PBXNativeTarget;
			buildConfigurationList = D17DD6BB1ED8F7D300BEE6B6 /* Build configuration list for PBXNativeTarget "campus" */;
			buildPhases = (
				D17DD68C1ED8F7D200BEE6B6 /* Sources */,
				D17DD68D1ED8F7D200BEE6B6 /* Frameworks */,
				D17DD68E1ED8F7D200BEE6B6 /* Resources */,
			);
			buildRules = (
			);
			dependencies = (
			);
			name = campus;
			productName = campus;
			productReference = D17DD6901ED8F7D200BEE6B6 /* campus.app */;
			productType = "com.apple.product-type.application";
		};
		D17DD6A61ED8F7D300BEE6B6 /* campusTests */ = {
			isa = PBXNativeTarget;
			buildConfigurationList = D17DD6BE1ED8F7D300BEE6B6 /* Build configuration list for PBXNativeTarget "campusTests" */;
			buildPhases = (
				D17DD6A31ED8F7D300BEE6B6 /* Sources */,
				D17DD6A41ED8F7D300BEE6B6 /* Frameworks */,
				D17DD6A51ED8F7D300BEE6B6 /* Resources */,
			);
			buildRules = (
			);
			dependencies = (
				D17DD6A91ED8F7D300BEE6B6 /* PBXTargetDependency */,
			);
			name = campusTests;
			productName = campusTests;
			productReference = D17DD6A71ED8F7D300BEE6B6 /* campusTests.xctest */;
			productType = "com.apple.product-type.bundle.unit-test";
		};
		D17DD6B11ED8F7D300BEE6B6 /* campusUITests */ = {
			isa = PBXNativeTarget;
			buildConfigurationList = D17DD6C11ED8F7D300BEE6B6 /* Build configuration list for PBXNativeTarget "campusUITests" */;
			buildPhases = (
				D17DD6AE1ED8F7D300BEE6B6 /* Sources */,
				D17DD6AF1ED8F7D300BEE6B6 /* Frameworks */,
				D17DD6B01ED8F7D300BEE6B6 /* Resources */,
			);
			buildRules = (
			);
			dependencies = (
				D17DD6B41ED8F7D300BEE6B6 /* PBXTargetDependency */,
			);
			name = campusUITests;
			productName = campusUITests;
			productReference = D17DD6B21ED8F7D300BEE6B6 /* campusUITests.xctest */;
			productType = "com.apple.product-type.bundle.ui-testing";
		};
/* End PBXNativeTarget section */

/* Begin PBXProject section */
		D17DD6881ED8F7D200BEE6B6 /* Project object */ = {
			isa = PBXProject;
			attributes = {
				LastSwiftUpdateCheck = 0820;
				LastUpgradeCheck = 0820;
				ORGANIZATIONNAME = monument;
				TargetAttributes = {
					D17DD68F1ED8F7D200BEE6B6 = {
						CreatedOnToolsVersion = 8.2.1;
						ProvisioningStyle = Automatic;
					};
					D17DD6A61ED8F7D300BEE6B6 = {
						CreatedOnToolsVersion = 8.2.1;
						ProvisioningStyle = Automatic;
						TestTargetID = D17DD68F1ED8F7D200BEE6B6;
					};
					D17DD6B11ED8F7D300BEE6B6 = {
						CreatedOnToolsVersion = 8.2.1;
						ProvisioningStyle = Automatic;
						TestTargetID = D17DD68F1ED8F7D200BEE6B6;
					};
				};
			};
			buildConfigurationList = D17DD68B1ED8F7D200BEE6B6 /* Build configuration list for PBXProject "campus" */;
			compatibilityVersion = "Xcode 3.2";
			developmentRegion = English;
			hasScannedForEncodings = 0;
			knownRegions = (
				en,
				Base,
			);
			mainGroup = D17DD6871ED8F7D200BEE6B6;
			productRefGroup = D17DD6911ED8F7D200BEE6B6 /* Products */;
			projectDirPath = "";
			projectRoot = "";
			targets = (
				D17DD68F1ED8F7D200BEE6B6 /* campus */,
				D17DD6A61ED8F7D300BEE6B6 /* campusTests */,
				D17DD6B11ED8F7D300BEE6B6 /* campusUITests */,
			);
		};
/* End PBXProject section */

/* Begin PBXResourcesBuildPhase section */
		D17DD68E1ED8F7D200BEE6B6 /* Resources */ = {
			isa = PBXResourcesBuildPhase;
			buildActionMask = 2147483647;
			files = (
				D17DD6A11ED8F7D200BEE6B6 /* LaunchScreen.storyboard in Resources */,
				D17DD69E1ED8F7D200BEE6B6 /* Assets.xcassets in Resources */,
				D17DD6991ED8F7D200BEE6B6 /* Main.storyboard in Resources */,
			);
			runOnlyForDeploymentPostprocessing = 0;
		};
		D17DD6A51ED8F7D300BEE6B6 /* Resources */ = {
			isa = PBXResourcesBuildPhase;
			buildActionMask = 2147483647;
			files = (
			);
			runOnlyForDeploymentPostprocessing = 0;
		};
		D17DD6B01ED8F7D300BEE6B6 /* Resources */ = {
			isa = PBXResourcesBuildPhase;
			buildActionMask = 2147483647;
			files = (
			);
			runOnlyForDeploymentPostprocessing = 0;
		};
/* End PBXResourcesBuildPhase section */

/* Begin PBXSourcesBuildPhase section */
		D17DD68C1ED8F7D200BEE6B6 /* Sources */ = {
			isa = PBXSourcesBuildPhase;
			buildActionMask = 2147483647;
			files = (
				D17DD69C1ED8F7D200BEE6B6 /* campus.xcdatamodeld in Sources */,
				D17DD6961ED8F7D200BEE6B6 /* ViewController.swift in Sources */,
				D17DD6941ED8F7D200BEE6B6 /* AppDelegate.swift in Sources */,
			);
			runOnlyForDeploymentPostprocessing = 0;
		};
		D17DD6A31ED8F7D300BEE6B6 /* Sources */ = {
			isa = PBXSourcesBuildPhase;
			buildActionMask = 2147483647;
			files = (
				D17DD6AC1ED8F7D300BEE6B6 /* campusTests.swift in Sources */,
			);
			runOnlyForDeploymentPostprocessing = 0;
		};
		D17DD6AE1ED8F7D300BEE6B6 /* Sources */ = {
			isa = PBXSourcesBuildPhase;
			buildActionMask = 2147483647;
			files = (
				D17DD6B71ED8F7D300BEE6B6 /* campusUITests.swift in Sources */,
			);
			runOnlyForDeploymentPostprocessing = 0;
		};
/* End PBXSourcesBuildPhase section */

/* Begin PBXTargetDependency section */
		D17DD6A91ED8F7D300BEE6B6 /* PBXTargetDependency */ = {
			isa = PBXTargetDependency;
			target = D17DD68F1ED8F7D200BEE6B6 /* campus */;
			targetProxy = D17DD6A81ED8F7D300BEE6B6 /* PBXContainerItemProxy */;
		};
		D17DD6B41ED8F7D300BEE6B6 /* PBXTargetDependency */ = {
			isa = PBXTargetDependency;
			target = D17DD68F1ED8F7D200BEE6B6 /* campus */;
			targetProxy = D17DD6B31ED8F7D300BEE6B6 /* PBXContainerItemProxy */;
		};
/* End PBXTargetDependency section */

/* Begin PBXVariantGroup section */
		D17DD6971ED8F7D200BEE6B6 /* Main.storyboard */ = {
			isa = PBXVariantGroup;
			children = (
				D17DD6981ED8F7D200BEE6B6 /* Base */,
			);
			name = Main.storyboard;
			sourceTree = "<group>";
		};
		D17DD69F1ED8F7D200BEE6B6 /* LaunchScreen.storyboard */ = {
			isa = PBXVariantGroup;
			children = (
				D17DD6A01ED8F7D200BEE6B6 /* Base */,
			);
			name = LaunchScreen.storyboard;
			sourceTree = "<group>";
		};
/* End PBXVariantGroup section */

/* Begin XCBuildConfiguration section */
		D17DD6B91ED8F7D300BEE6B6 /* Debug */ = {
			isa = XCBuildConfiguration;
			buildSettings = {
				ALWAYS_SEARCH_USER_PATHS = NO;
				CLANG_ANALYZER_NONNULL = YES;
				CLANG_CXX_LANGUAGE_STANDARD = "gnu++0x";
				CLANG_CXX_LIBRARY = "libc++";
				CLANG_ENABLE_MODULES = YES;
				CLANG_ENABLE_OBJC_ARC = YES;
				CLANG_WARN_BOOL_CONVERSION = YES;
				CLANG_WARN_CONSTANT_CONVERSION = YES;
				CLANG_WARN_DIRECT_OBJC_ISA_USAGE = YES_ERROR;
				CLANG_WARN_DOCUMENTATION_COMMENTS = YES;
				CLANG_WARN_EMPTY_BODY = YES;
				CLANG_WARN_ENUM_CONVERSION = YES;
				CLANG_WARN_INFINITE_RECURSION = YES;
				CLANG_WARN_INT_CONVERSION = YES;
				CLANG_WARN_OBJC_ROOT_CLASS = YES_ERROR;
				CLANG_WARN_SUSPICIOUS_MOVE = YES;
				CLANG_WARN_UNREACHABLE_CODE = YES;
				CLANG_WARN__DUPLICATE_METHOD_MATCH = YES;
				"CODE_SIGN_IDENTITY[sdk=iphoneos*]" = "iPhone Developer";
				COPY_PHASE_STRIP = NO;
				DEBUG_INFORMATION_FORMAT = dwarf;
				ENABLE_STRICT_OBJC_MSGSEND = YES;
				ENABLE_TESTABILITY = YES;
				GCC_C_LANGUAGE_STANDARD = gnu99;
				GCC_DYNAMIC_NO_PIC = NO;
				GCC_NO_COMMON_BLOCKS = YES;
				GCC_OPTIMIZATION_LEVEL = 0;
				GCC_PREPROCESSOR_DEFINITIONS = (
					"DEBUG=1",
					"$(inherited)",
				);
				GCC_WARN_64_TO_32_BIT_CONVERSION = YES;
				GCC_WARN_ABOUT_RETURN_TYPE = YES_ERROR;
				GCC_WARN_UNDECLARED_SELECTOR = YES;
				GCC_WARN_UNINITIALIZED_AUTOS = YES_AGGRESSIVE;
				GCC_WARN_UNUSED_FUNCTION = YES;
				GCC_WARN_UNUSED_VARIABLE = YES;
				IPHONEOS_DEPLOYMENT_TARGET = 10.2;
				MTL_ENABLE_DEBUG_INFO = YES;
				ONLY_ACTIVE_ARCH = YES;
				SDKROOT = iphoneos;
				SWIFT_ACTIVE_COMPILATION_CONDITIONS = DEBUG;
				SWIFT_OPTIMIZATION_LEVEL = "-Onone";
				TARGETED_DEVICE_FAMILY = "1,2";
			};
			name = Debug;
		};
		D17DD6BA1ED8F7D300BEE6B6 /* Release */ = {
			isa = XCBuildConfiguration;
			buildSettings = {
				ALWAYS_SEARCH_USER_PATHS = NO;
				CLANG_ANALYZER_NONNULL = YES;
				CLANG_CXX_LANGUAGE_STANDARD = "gnu++0x";
				CLANG_CXX_LIBRARY = "libc++";
				CLANG_ENABLE_MODULES = YES;
				CLANG_ENABLE_OBJC_ARC = YES;
				CLANG_WARN_BOOL_CONVERSION = YES;
				CLANG_WARN_CONSTANT_CONVERSION = YES;
				CLANG_WARN_DIRECT_OBJC_ISA_USAGE = YES_ERROR;
				CLANG_WARN_DOCUMENTATION_COMMENTS = YES;
				CLANG_WARN_EMPTY_BODY = YES;
				CLANG_WARN_ENUM_CONVERSION = YES;
				CLANG_WARN_INFINITE_RECURSION = YES;
				CLANG_WARN_INT_CONVERSION = YES;
				CLANG_WARN_OBJC_ROOT_CLASS = YES_ERROR;
				CLANG_WARN_SUSPICIOUS_MOVE = YES;
				CLANG_WARN_UNREACHABLE_CODE = YES;
				CLANG_WARN__DUPLICATE_METHOD_MATCH = YES;
				"CODE_SIGN_IDENTITY[sdk=iphoneos*]" = "iPhone Developer";
				COPY_PHASE_STRIP = NO;
				DEBUG_INFORMATION_FORMAT = "dwarf-with-dsym";
				ENABLE_NS_ASSERTIONS = NO;
				ENABLE_STRICT_OBJC_MSGSEND = YES;
				GCC_C_LANGUAGE_STANDARD = gnu99;
				GCC_NO_COMMON_BLOCKS = YES;
				GCC_WARN_64_TO_32_BIT_CONVERSION = YES;
				GCC_WARN_ABOUT_RETURN_TYPE = YES_ERROR;
				GCC_WARN_UNDECLARED_SELECTOR = YES;
				GCC_WARN_UNINITIALIZED_AUTOS = YES_AGGRESSIVE;
				GCC_WARN_UNUSED_FUNCTION = YES;
				GCC_WARN_UNUSED_VARIABLE = YES;
				IPHONEOS_DEPLOYMENT_TARGET = 10.2;
				MTL_ENABLE_DEBUG_INFO = NO;
				SDKROOT = iphoneos;
				SWIFT_OPTIMIZATION_LEVEL = "-Owholemodule";
				TARGETED_DEVICE_FAMILY = "1,2";
				VALIDATE_PRODUCT = YES;
			};
			name = Release;
		};
		D17DD6BC1ED8F7D300BEE6B6 /* Debug */ = {
			isa = XCBuildConfiguration;
			buildSettings = {
				ASSETCATALOG_COMPILER_APPICON_NAME = AppIcon;
				INFOPLIST_FILE = campus/Info.plist;
				LD_RUNPATH_SEARCH_PATHS = "$(inherited) @executable_path/Frameworks";
				PRODUCT_BUNDLE_IDENTIFIER = monument.campus;
				PRODUCT_NAME = "$(TARGET_NAME)";
				SWIFT_VERSION = 3.0;
			};
			name = Debug;
		};
		D17DD6BD1ED8F7D300BEE6B6 /* Release */ = {
			isa = XCBuildConfiguration;
			buildSettings = {
				ASSETCATALOG_COMPILER_APPICON_NAME = AppIcon;
				INFOPLIST_FILE = campus/Info.plist;
				LD_RUNPATH_SEARCH_PATHS = "$(inherited) @executable_path/Frameworks";
				PRODUCT_BUNDLE_IDENTIFIER = monument.campus;
				PRODUCT_NAME = "$(TARGET_NAME)";
				SWIFT_VERSION = 3.0;
			};
			name = Release;
		};
		D17DD6BF1ED8F7D300BEE6B6 /* Debug */ = {
			isa = XCBuildConfiguration;
			buildSettings = {
				ALWAYS_EMBED_SWIFT_STANDARD_LIBRARIES = YES;
				BUNDLE_LOADER = "$(TEST_HOST)";
				INFOPLIST_FILE = campusTests/Info.plist;
				LD_RUNPATH_SEARCH_PATHS = "$(inherited) @executable_path/Frameworks @loader_path/Frameworks";
				PRODUCT_BUNDLE_IDENTIFIER = monument.campusTests;
				PRODUCT_NAME = "$(TARGET_NAME)";
				SWIFT_VERSION = 3.0;
				TEST_HOST = "$(BUILT_PRODUCTS_DIR)/campus.app/campus";
			};
			name = Debug;
		};
		D17DD6C01ED8F7D300BEE6B6 /* Release */ = {
			isa = XCBuildConfiguration;
			buildSettings = {
				ALWAYS_EMBED_SWIFT_STANDARD_LIBRARIES = YES;
				BUNDLE_LOADER = "$(TEST_HOST)";
				INFOPLIST_FILE = campusTests/Info.plist;
				LD_RUNPATH_SEARCH_PATHS = "$(inherited) @executable_path/Frameworks @loader_path/Frameworks";
				PRODUCT_BUNDLE_IDENTIFIER = monument.campusTests;
				PRODUCT_NAME = "$(TARGET_NAME)";
				SWIFT_VERSION = 3.0;
				TEST_HOST = "$(BUILT_PRODUCTS_DIR)/campus.app/campus";
			};
			name = Release;
		};
		D17DD6C21ED8F7D300BEE6B6 /* Debug */ = {
			isa = XCBuildConfiguration;
			buildSettings = {
				ALWAYS_EMBED_SWIFT_STANDARD_LIBRARIES = YES;
				INFOPLIST_FILE = campusUITests/Info.plist;
				LD_RUNPATH_SEARCH_PATHS = "$(inherited) @executable_path/Frameworks @loader_path/Frameworks";
				PRODUCT_BUNDLE_IDENTIFIER = monument.campusUITests;
				PRODUCT_NAME = "$(TARGET_NAME)";
				SWIFT_VERSION = 3.0;
				TEST_TARGET_NAME = campus;
			};
			name = Debug;
		};
		D17DD6C31ED8F7D300BEE6B6 /* Release */ = {
			isa = XCBuildConfiguration;
			buildSettings = {
				ALWAYS_EMBED_SWIFT_STANDARD_LIBRARIES = YES;
				INFOPLIST_FILE = campusUITests/Info.plist;
				LD_RUNPATH_SEARCH_PATHS = "$(inherited) @executable_path/Frameworks @loader_path/Frameworks";
				PRODUCT_BUNDLE_IDENTIFIER = monument.campusUITests;
				PRODUCT_NAME = "$(TARGET_NAME)";
				SWIFT_VERSION = 3.0;
				TEST_TARGET_NAME = campus;
			};
			name = Release;
		};
/* End XCBuildConfiguration section */

/* Begin XCConfigurationList section */
		D17DD68B1ED8F7D200BEE6B6 /* Build configuration list for PBXProject "campus" */ = {
			isa = XCConfigurationList;
			buildConfigurations = (
				D17DD6B91ED8F7D300BEE6B6 /* Debug */,
				D17DD6BA1ED8F7D300BEE6B6 /* Release */,
			);
			defaultConfigurationIsVisible = 0;
			defaultConfigurationName = Release;
		};
		D17DD6BB1ED8F7D300BEE6B6 /* Build configuration list for PBXNativeTarget "campus" */ = {
			isa = XCConfigurationList;
			buildConfigurations = (
				D17DD6BC1ED8F7D300BEE6B6 /* Debug */,
				D17DD6BD1ED8F7D300BEE6B6 /* Release */,
			);
			defaultConfigurationIsVisible = 0;
		};
		D17DD6BE1ED8F7D300BEE6B6 /* Build configuration list for PBXNativeTarget "campusTests" */ = {
			isa = XCConfigurationList;
			buildConfigurations = (
				D17DD6BF1ED8F7D300BEE6B6 /* Debug */,
				D17DD6C01ED8F7D300BEE6B6 /* Release */,
			);
			defaultConfigurationIsVisible = 0;
		};
		D17DD6C11ED8F7D300BEE6B6 /* Build configuration list for PBXNativeTarget "campusUITests" */ = {
			isa = XCConfigurationList;
			buildConfigurations = (
				D17DD6C21ED8F7D300BEE6B6 /* Debug */,
				D17DD6C31ED8F7D300BEE6B6 /* Release */,
			);
			defaultConfigurationIsVisible = 0;
		};
/* End XCConfigurationList section */

/* Begin XCVersionGroup section */
		D17DD69A1ED8F7D200BEE6B6 /* campus.xcdatamodeld */ = {
			isa = XCVersionGroup;
			children = (
				D17DD69B1ED8F7D200BEE6B6 /* campus.xcdatamodel */,
			);
			currentVersion = D17DD69B1ED8F7D200BEE6B6 /* campus.xcdatamodel */;
			path = campus.xcdatamodeld;
			sourceTree = "<group>";
			versionGroupType = wrapper.xcdatamodel;
		};
/* End XCVersionGroup section */
	};
	rootObject = D17DD6881ED8F7D200BEE6B6 /* Project object */;
}
